{
  "nodes": {
    "home-manager": {
      "inputs": {
        "nixpkgs": [
          "nixpkgs"
        ]
      },
      "locked": {
        "lastModified": 1783222121,
        "narHash": "sha256-E/ElL373TO8lQ2aMvYyzN+k4xkVaUGoRqoa8AtM71tI=",
        "owner": "nix-community",
        "repo": "home-manager",
        "rev": "a1645f40777620c4bd2b6d854b290c2fc354a266",
        "type": "github"
      },
      "original": {
        "owner": "nix-community",
        "ref": "master",
        "repo": "home-manager",
        "type": "github"
      }
    },
    "linux-next-src": {
      "flake": false,
      "locked": {
        "lastModified": 1783096471,
        "narHash": "sha256-8FnN7XLZ64kKZh07JcP+wNtEJXhyr23r74jHXcbjGrM=",
        "path": "/home/nixos-user/linux-next",
        "type": "path"
      },
      "original": {
        "path": "/home/nixos-user/linux-next",
        "type": "path"
      }
    },
    "nixpkgs": {
      "locked": {
        "lastModified": 1783254900,
        "narHash": "sha256-bnEPsI9hqDdjCj0aGaWn7dGLAzvAZZnQxuQ/sRFSRfM=",
        "owner": "NixOS",
        "repo": "nixpkgs",
        "rev": "8c6381d366e3015b18b195f7b1b2ac9959f2b552",
        "type": "github"
      },
      "original": {
        "owner": "NixOS",
        "ref": "master",
        "repo": "nixpkgs",
        "type": "github"
      }
    },
    "nixpkgs_2": {
      "locked": {
        "lastModified": 1782959384,
        "narHash": "sha256-l57y2CK9dTSChgb6Edg7kkXu5DA4rucVbNFoQHUBjmw=",
        "rev": "65179426c83bb3f6bc14898b42ea1c6f01d374b0",
        "type": "tarball",
        "url": "https://releases.nixos.org/nixos/unstable/nixos-26.11pre1026231.65179426c83b/nixexprs.tar.xz"
      },
      "original": {
        "type": "tarball",
        "url": "https://channels.nixos.org/nixos-unstable/nixexprs.tar.xz"
      }
    },
    "noctalia": {
      "inputs": {
        "nixpkgs": "nixpkgs_2"
      },
      "locked": {
        "lastModified": 1783242167,
        "narHash": "sha256-CiV3yPEfcDpko+xz0IAV/lFWmSpuVTzjQvLgTCLY6Es=",
        "owner": "noctalia-dev",
        "repo": "noctalia",
        "rev": "2be5e68b202a37037330a90765ea76a63b6a3421",
        "type": "github"
      },
      "original": {
        "owner": "noctalia-dev",
        "repo": "noctalia",
        "type": "github"
      }
    },
    "root": {
      "inputs": {
        "home-manager": "home-manager",
        "linux-next-src": "linux-next-src",
        "nixpkgs": "nixpkgs",
        "noctalia": "noctalia"
      }
    }
  },
  "root": "root",
  "version": 7
}
